
Microsoft Visual Studio Solution File, Format Version 12.00
# Visual Studio Version 17
VisualStudioVersion = 17.9.34728.123
MinimumVisualStudioVersion = 10.0.40219.1
Project("{FAE04EC0-301F-11D3-BF4B-00C04F79EFBC}") = "MaxNumberSeries", "MaxNumberSeries\MaxNumberSeries.csproj", "{547C4313-BCA5-4439-8967-972846BBC8B4}"
EndProject
Global
	GlobalSection(SolutionConfigurationPlatforms) = preSolution
		Debug|Any CPU = Debug|Any CPU
		Release|Any CPU = Release|Any CPU
	EndGlobalSection
	GlobalSection(ProjectConfigurationPlatforms) = postSolution
		{547C4313-BCA5-4439-8967-972846BBC8B4}.Debug|Any CPU.ActiveCfg = Debug|Any CPU
		{547C4313-BCA5-4439-8967-972846BBC8B4}.Debug|Any CPU.Build.0 = Debug|Any CPU
		{547C4313-BCA5-4439-8967-972846BBC8B4}.Release|Any CPU.ActiveCfg = Release|Any CPU
		{547C4313-BCA5-4439-8967-972846BBC8B4}.Release|Any CPU.Build.0 = Release|Any CPU
	EndGlobalSection
	GlobalSection(SolutionProperties) = preSolution
		HideSolutionNode = FALSE
	EndGlobalSection
	GlobalSection(ExtensibilityGlobals) = postSolution
		SolutionGuid = {4561DC24-564E-4687-9152-B4AE67BA9190}
	EndGlobalSection
EndGlobal
